
Microsoft Visual Studio Solution File, Format Version 12.00
# Visual Studio 15
VisualStudioVersion = 15.0.28307.168
MinimumVisualStudioVersion = 10.0.40219.1
Project("{FAE04EC0-301F-11D3-BF4B-00C04F79EFBC}") = "WinFormsPivotGridDataFieldsExample", "WinFormsPivotGridDataFieldsExample\WinFormsPivotGridDataFieldsExample.csproj", "{56F60AD3-1C86-4563-BFF0-1B32F1BB1087}"
EndProject
Global
	GlobalSection(SolutionConfigurationPlatforms) = preSolution
		Debug|Any CPU = Debug|Any CPU
		Release|Any CPU = Release|Any CPU
	EndGlobalSection
	GlobalSection(ProjectConfigurationPlatforms) = postSolution
		{56F60AD3-1C86-4563-BFF0-1B32F1BB1087}.Debug|Any CPU.ActiveCfg = Debug|Any CPU
		{56F60AD3-1C86-4563-BFF0-1B32F1BB1087}.Debug|Any CPU.Build.0 = Debug|Any CPU
		{56F60AD3-1C86-4563-BFF0-1B32F1BB1087}.Release|Any CPU.ActiveCfg = Release|Any CPU
		{56F60AD3-1C86-4563-BFF0-1B32F1BB1087}.Release|Any CPU.Build.0 = Release|Any CPU
	EndGlobalSection
	GlobalSection(SolutionProperties) = preSolution
		HideSolutionNode = FALSE
	EndGlobalSection
	GlobalSection(ExtensibilityGlobals) = postSolution
		SolutionGuid = {05587832-411E-4D61-80E2-4AA202F85004}
	EndGlobalSection
EndGlobal
